
Microsoft Visual Studio Solution File, Format Version 12.00
# Visual Studio Version 16
VisualStudioVersion = 16.0.29613.14
MinimumVisualStudioVersion = 10.0.40219.1
Project("{FAE04EC0-301F-11D3-BF4B-00C04F79EFBC}") = "App4.UWP", "App4\App4.UWP\App4.UWP.csproj", "{15344AC3-1766-4EF6-A842-DA3CA22023AE}"
EndProject
Project("{FAE04EC0-301F-11D3-BF4B-00C04F79EFBC}") = "App4.Android", "App4\App4.Android\App4.Android.csproj", "{4269211C-02E8-4614-9012-4E335879BB06}"
EndProject
Project("{FAE04EC0-301F-11D3-BF4B-00C04F79EFBC}") = "App4.iOS", "App4\App4.iOS\App4.iOS.csproj", "{7F2526E1-E2A3-4955-9658-397CD50BA900}"
EndProject
Project("{FAE04EC0-301F-11D3-BF4B-00C04F79EFBC}") = "App4", "App4\App4\App4.csproj", "{8BBDB1AB-C53E-432C-9AD9-D057828F7136}"
EndProject
Global
	GlobalSection(SolutionConfigurationPlatforms) = preSolution
		Debug|Any CPU = Debug|Any CPU
		Debug|ARM = Debug|ARM
		Debug|iPhone = Debug|iPhone
		Debug|iPhoneSimulator = Debug|iPhoneSimulator
		Debug|x64 = Debug|x64
		Debug|x86 = Debug|x86
		Release|Any CPU = Release|Any CPU
		Release|ARM = Release|ARM
		Release|iPhone = Release|iPhone
		Release|iPhoneSimulator = Release|iPhoneSimulator
		Release|x64 = Release|x64
		Release|x86 = Release|x86
	EndGlobalSection
	GlobalSection(ProjectConfigurationPlatforms) = postSolution
		{15344AC3-1766-4EF6-A842-DA3CA22023AE}.Debug|Any CPU.ActiveCfg = Debug|x86
		{15344AC3-1766-4EF6-A842-DA3CA22023AE}.Debug|Any CPU.Build.0 = Debug|x86
		{15344AC3-1766-4EF6-A842-DA3CA22023AE}.Debug|Any CPU.Deploy.0 = Debug|x86
		{15344AC3-1766-4EF6-A842-DA3CA22023AE}.Debug|ARM.ActiveCfg = Debug|ARM
		{15344AC3-1766-4EF6-A842-DA3CA22023AE}.Debug|ARM.Build.0 = Debug|ARM
		{15344AC3-1766-4EF6-A842-DA3CA22023AE}.Debug|ARM.Deploy.0 = Debug|ARM
		{15344AC3-1766-4EF6-A842-DA3CA22023AE}.Debug|iPhone.ActiveCfg = Debug|x86
		{15344AC3-1766-4EF6-A842-DA3CA22023AE}.Debug|iPhone.Build.0 = Debug|x86
		{15344AC3-1766-4EF6-A842-DA3CA22023AE}.Debug|iPhone.Deploy.0 = Debug|x86
		{15344AC3-1766-4EF6-A842-DA3CA22023AE}.Debug|iPhoneSimulator.ActiveCfg = Debug|x86
		{15344AC3-1766-4EF6-A842-DA3CA22023AE}.Debug|iPhoneSimulator.Build.0 = Debug|x86
		{15344AC3-1766-4EF6-A842-DA3CA22023AE}.Debug|iPhoneSimulator.Deploy.0 = Debug|x86
		{15344AC3-1766-4EF6-A842-DA3CA22023AE}.Debug|x64.ActiveCfg = Debug|x64
		{15344AC3-1766-4EF6-A842-DA3CA22023AE}.Debug|x64.Build.0 = Debug|x64
		{15344AC3-1766-4EF6-A842-DA3CA22023AE}.Debug|x64.Deploy.0 = Debug|x64
		{15344AC3-1766-4EF6-A842-DA3CA22023AE}.Debug|x86.ActiveCfg = Debug|x86
		{15344AC3-1766-4EF6-A842-DA3CA22023AE}.Debug|x86.Build.0 = Debug|x86
		{15344AC3-1766-4EF6-A842-DA3CA22023AE}.Debug|x86.Deploy.0 = Debug|x86
		{15344AC3-1766-4EF6-A842-DA3CA22023AE}.Release|Any CPU.ActiveCfg = Release|x86
		{15344AC3-1766-4EF6-A842-DA3CA22023AE}.Release|Any CPU.Build.0 = Release|x86
		{15344AC3-1766-4EF6-A842-DA3CA22023AE}.Release|Any CPU.Deploy.0 = Release|x86
		{15344AC3-1766-4EF6-A842-DA3CA22023AE}.Release|ARM.ActiveCfg = Release|ARM
		{15344AC3-1766-4EF6-A842-DA3CA22023AE}.Release|ARM.Build.0 = Release|ARM
		{15344AC3-1766-4EF6-A842-DA3CA22023AE}.Release|ARM.Deploy.0 = Release|ARM
		{15344AC3-1766-4EF6-A842-DA3CA22023AE}.Release|iPhone.ActiveCfg = Release|x86
		{15344AC3-1766-4EF6-A842-DA3CA22023AE}.Release|iPhone.Build.0 = Release|x86
		{15344AC3-1766-4EF6-A842-DA3CA22023AE}.Release|iPhone.Deploy.0 = Release|x86
		{15344AC3-1766-4EF6-A842-DA3CA22023AE}.Release|iPhoneSimulator.ActiveCfg = Release|x86
		{15344AC3-1766-4EF6-A842-DA3CA22023AE}.Release|iPhoneSimulator.Build.0 = Release|x86
		{15344AC3-1766-4EF6-A842-DA3CA22023AE}.Release|iPhoneSimulator.Deploy.0 = Release|x86
		{15344AC3-1766-4EF6-A842-DA3CA22023AE}.Release|x64.ActiveCfg = Release|x64
		{15344AC3-1766-4EF6-A842-DA3CA22023AE}.Release|x64.Build.0 = Release|x64
		{15344AC3-1766-4EF6-A842-DA3CA22023AE}.Release|x64.Deploy.0 = Release|x64
		{15344AC3-1766-4EF6-A842-DA3CA22023AE}.Release|x86.ActiveCfg = Release|x86
		{15344AC3-1766-4EF6-A842-DA3CA22023AE}.Release|x86.Build.0 = Release|x86
		{15344AC3-1766-4EF6-A842-DA3CA22023AE}.Release|x86.Deploy.0 = Release|x86
		{4269211C-02E8-4614-9012-4E335879BB06}.Debug|Any CPU.ActiveCfg = Debug|Any CPU
		{4269211C-02E8-4614-9012-4E335879BB06}.Debug|Any CPU.Build.0 = Debug|Any CPU
		{4269211C-02E8-4614-9012-4E335879BB06}.Debug|Any CPU.Deploy.0 = Debug|Any CPU
		{4269211C-02E8-4614-9012-4E335879BB06}.Debug|ARM.ActiveCfg = Debug|Any CPU
		{4269211C-02E8-4614-9012-4E335879BB06}.Debug|ARM.Build.0 = Debug|Any CPU
		{4269211C-02E8-4614-9012-4E335879BB06}.Debug|ARM.Deploy.0 = Debug|Any CPU
		{4269211C-02E8-4614-9012-4E335879BB06}.Debug|iPhone.ActiveCfg = Debug|Any CPU
		{4269211C-02E8-4614-9012-4E335879BB06}.Debug|iPhone.Build.0 = Debug|Any CPU
		{4269211C-02E8-4614-9012-4E335879BB06}.Debug|iPhone.Deploy.0 = Debug|Any CPU
		{4269211C-02E8-4614-9012-4E335879BB06}.Debug|iPhoneSimulator.ActiveCfg = Debug|Any CPU
		{4269211C-02E8-4614-9012-4E335879BB06}.Debug|iPhoneSimulator.Build.0 = Debug|Any CPU
		{4269211C-02E8-4614-9012-4E335879BB06}.Debug|iPhoneSimulator.Deploy.0 = Debug|Any CPU
		{4269211C-02E8-4614-9012-4E335879BB06}.Debug|x64.ActiveCfg = Debug|Any CPU
		{4269211C-02E8-4614-9012-4E335879BB06}.Debug|x64.Build.0 = Debug|Any CPU
		{4269211C-02E8-4614-9012-4E335879BB06}.Debug|x64.Deploy.0 = Debug|Any CPU
		{4269211C-02E8-4614-9012-4E335879BB06}.Debug|x86.ActiveCfg = Debug|Any CPU
		{4269211C-02E8-4614-9012-4E335879BB06}.Debug|x86.Build.0 = Debug|Any CPU
		{4269211C-02E8-4614-9012-4E335879BB06}.Debug|x86.Deploy.0 = Debug|Any CPU
		{4269211C-02E8-4614-9012-4E335879BB06}.Release|Any CPU.ActiveCfg = Release|Any CPU
		{4269211C-02E8-4614-9012-4E335879BB06}.Release|Any CPU.Build.0 = Release|Any CPU
		{4269211C-02E8-4614-9012-4E335879BB06}.Release|Any CPU.Deploy.0 = Release|Any CPU
		{4269211C-02E8-4614-9012-4E335879BB06}.Release|ARM.ActiveCfg = Release|Any CPU
		{4269211C-02E8-4614-9012-4E335879BB06}.Release|ARM.Build.0 = Release|Any CPU
		{4269211C-02E8-4614-9012-4E335879BB06}.Release|ARM.Deploy.0 = Release|Any CPU
		{4269211C-02E8-4614-9012-4E335879BB06}.Release|iPhone.ActiveCfg = Release|Any CPU
		{4269211C-02E8-4614-9012-4E335879BB06}.Release|iPhone.Build.0 = Release|Any CPU
		{4269211C-02E8-4614-9012-4E335879BB06}.Release|iPhone.Deploy.0 = Release|Any CPU
		{4269211C-02E8-4614-9012-4E335879BB06}.Release|iPhoneSimulator.ActiveCfg = Release|Any CPU
		{4269211C-02E8-4614-9012-4E335879BB06}.Release|iPhoneSimulator.Build.0 = Release|Any CPU
		{4269211C-02E8-4614-9012-4E335879BB06}.Release|iPhoneSimulator.Deploy.0 = Release|Any CPU
		{4269211C-02E8-4614-9012-4E335879BB06}.Release|x64.ActiveCfg = Release|Any CPU
		{4269211C-02E8-4614-9012-4E335879BB06}.Release|x64.Build.0 = Release|Any CPU
		{4269211C-02E8-4614-9012-4E335879BB06}.Release|x64.Deploy.0 = Release|Any CPU
		{4269211C-02E8-4614-9012-4E335879BB06}.Release|x86.ActiveCfg = Release|Any CPU
		{4269211C-02E8-4614-9012-4E335879BB06}.Release|x86.Build.0 = Release|Any CPU
		{4269211C-02E8-4614-9012-4E335879BB06}.Release|x86.Deploy.0 = Release|Any CPU
		{7F2526E1-E2A3-4955-9658-397CD50BA900}.Debug|Any CPU.ActiveCfg = Debug|iPhone
		{7F2526E1-E2A3-4955-9658-397CD50BA900}.Debug|Any CPU.Build.0 = Debug|iPhone
		{7F2526E1-E2A3-4955-9658-397CD50BA900}.Debug|Any CPU.Deploy.0 = Debug|iPhone
		{7F2526E1-E2A3-4955-9658-397CD50BA900}.Debug|ARM.ActiveCfg = Debug|iPhoneSimulator
		{7F2526E1-E2A3-4955-9658-397CD50BA900}.Debug|ARM.Build.0 = Debug|iPhoneSimulator
		{7F2526E1-E2A3-4955-9658-397CD50BA900}.Debug|ARM.Deploy.0 = Debug|iPhoneSimulator
		{7F2526E1-E2A3-4955-9658-397CD50BA900}.Debug|iPhone.ActiveCfg = Debug|iPhone
		{7F2526E1-E2A3-4955-9658-397CD50BA900}.Debug|iPhone.Build.0 = Debug|iPhone
		{7F2526E1-E2A3-4955-9658-397CD50BA900}.Debug|iPhone.Deploy.0 = Debug|iPhone
		{7F2526E1-E2A3-4955-9658-397CD50BA900}.Debug|iPhoneSimulator.ActiveCfg = Debug|iPhoneSimulator
		{7F2526E1-E2A3-4955-9658-397CD50BA900}.Debug|iPhoneSimulator.Build.0 = Debug|iPhoneSimulator
		{7F2526E1-E2A3-4955-9658-397CD50BA900}.Debug|iPhoneSimulator.Deploy.0 = Debug|iPhoneSimulator
		{7F2526E1-E2A3-4955-9658-397CD50BA900}.Debug|x64.ActiveCfg = Debug|iPhone
		{7F2526E1-E2A3-4955-9658-397CD50BA900}.Debug|x64.Build.0 = Debug|iPhone
		{7F2526E1-E2A3-4955-9658-397CD50BA900}.Debug|x64.Deploy.0 = Debug|iPhone
		{7F2526E1-E2A3-4955-9658-397CD50BA900}.Debug|x86.ActiveCfg = Debug|iPhone
		{7F2526E1-E2A3-4955-9658-397CD50BA900}.Debug|x86.Build.0 = Debug|iPhone
		{7F2526E1-E2A3-4955-9658-397CD50BA900}.Debug|x86.Deploy.0 = Debug|iPhone
		{7F2526E1-E2A3-4955-9658-397CD50BA900}.Release|Any CPU.ActiveCfg = Release|iPhone
		{7F2526E1-E2A3-4955-9658-397CD50BA900}.Release|Any CPU.Build.0 = Release|iPhone
		{7F2526E1-E2A3-4955-9658-397CD50BA900}.Release|Any CPU.Deploy.0 = Release|iPhone
		{7F2526E1-E2A3-4955-9658-397CD50BA900}.Release|ARM.ActiveCfg = Release|iPhone
		{7F2526E1-E2A3-4955-9658-397CD50BA900}.Release|ARM.Build.0 = Release|iPhone
		{7F2526E1-E2A3-4955-9658-397CD50BA900}.Release|ARM.Deploy.0 = Release|iPhone
		{7F2526E1-E2A3-4955-9658-397CD50BA900}.Release|iPhone.ActiveCfg = Release|iPhone
		{7F2526E1-E2A3-4955-9658-397CD50BA900}.Release|iPhone.Build.0 = Release|iPhone
		{7F2526E1-E2A3-4955-9658-397CD50BA900}.Release|iPhone.Deploy.0 = Release|iPhone
		{7F2526E1-E2A3-4955-9658-397CD50BA900}.Release|iPhoneSimulator.ActiveCfg = Release|iPhoneSimulator
		{7F2526E1-E2A3-4955-9658-397CD50BA900}.Release|iPhoneSimulator.Build.0 = Release|iPhoneSimulator
		{7F2526E1-E2A3-4955-9658-397CD50BA900}.Release|iPhoneSimulator.Deploy.0 = Release|iPhoneSimulator
		{7F2526E1-E2A3-4955-9658-397CD50BA900}.Release|x64.ActiveCfg = Release|iPhone
		{7F2526E1-E2A3-4955-9658-397CD50BA900}.Release|x64.Build.0 = Release|iPhone
		{7F2526E1-E2A3-4955-9658-397CD50BA900}.Release|x64.Deploy.0 = Release|iPhone
		{7F2526E1-E2A3-4955-9658-397CD50BA900}.Release|x86.ActiveCfg = Release|iPhone
		{7F2526E1-E2A3-4955-9658-397CD50BA900}.Release|x86.Build.0 = Release|iPhone
		{7F2526E1-E2A3-4955-9658-397CD50BA900}.Release|x86.Deploy.0 = Release|iPhone
		{8BBDB1AB-C53E-432C-9AD9-D057828F7136}.Debug|Any CPU.ActiveCfg = Debug|Any CPU
		{8BBDB1AB-C53E-432C-9AD9-D057828F7136}.Debug|Any CPU.Build.0 = Debug|Any CPU
		{8BBDB1AB-C53E-432C-9AD9-D057828F7136}.Debug|Any CPU.Deploy.0 = Debug|Any CPU
		{8BBDB1AB-C53E-432C-9AD9-D057828F7136}.Debug|ARM.ActiveCfg = Debug|Any CPU
		{8BBDB1AB-C53E-432C-9AD9-D057828F7136}.Debug|ARM.Build.0 = Debug|Any CPU
		{8BBDB1AB-C53E-432C-9AD9-D057828F7136}.Debug|ARM.Deploy.0 = Debug|Any CPU
		{8BBDB1AB-C53E-432C-9AD9-D057828F7136}.Debug|iPhone.ActiveCfg = Debug|Any CPU
		{8BBDB1AB-C53E-432C-9AD9-D057828F7136}.Debug|iPhone.Build.0 = Debug|Any CPU
		{8BBDB1AB-C53E-432C-9AD9-D057828F7136}.Debug|iPhone.Deploy.0 = Debug|Any CPU
		{8BBDB1AB-C53E-432C-9AD9-D057828F7136}.Debug|iPhoneSimulator.ActiveCfg = Debug|Any CPU
		{8BBDB1AB-C53E-432C-9AD9-D057828F7136}.Debug|iPhoneSimulator.Build.0 = Debug|Any CPU
		{8BBDB1AB-C53E-432C-9AD9-D057828F7136}.Debug|iPhoneSimulator.Deploy.0 = Debug|Any CPU
		{8BBDB1AB-C53E-432C-9AD9-D057828F7136}.Debug|x64.ActiveCfg = Debug|Any CPU
		{8BBDB1AB-C53E-432C-9AD9-D057828F7136}.Debug|x64.Build.0 = Debug|Any CPU
		{8BBDB1AB-C53E-432C-9AD9-D057828F7136}.Debug|x64.Deploy.0 = Debug|Any CPU
		{8BBDB1AB-C53E-432C-9AD9-D057828F7136}.Debug|x86.ActiveCfg = Debug|Any CPU
		{8BBDB1AB-C53E-432C-9AD9-D057828F7136}.Debug|x86.Build.0 = Debug|Any CPU
		{8BBDB1AB-C53E-432C-9AD9-D057828F7136}.Debug|x86.Deploy.0 = Debug|Any CPU
		{8BBDB1AB-C53E-432C-9AD9-D057828F7136}.Release|Any CPU.ActiveCfg = Release|Any CPU
		{8BBDB1AB-C53E-432C-9AD9-D057828F7136}.Release|Any CPU.Build.0 = Release|Any CPU
		{8BBDB1AB-C53E-432C-9AD9-D057828F7136}.Release|Any CPU.Deploy.0 = Release|Any CPU
		{8BBDB1AB-C53E-432C-9AD9-D057828F7136}.Release|ARM.ActiveCfg = Release|Any CPU
		{8BBDB1AB-C53E-432C-9AD9-D057828F7136}.Release|ARM.Build.0 = Release|Any CPU
		{8BBDB1AB-C53E-432C-9AD9-D057828F7136}.Release|ARM.Deploy.0 = Release|Any CPU
		{8BBDB1AB-C53E-432C-9AD9-D057828F7136}.Release|iPhone.ActiveCfg = Release|Any CPU
		{8BBDB1AB-C53E-432C-9AD9-D057828F7136}.Release|iPhone.Build.0 = Release|Any CPU
		{8BBDB1AB-C53E-432C-9AD9-D057828F7136}.Release|iPhone.Deploy.0 = Release|Any CPU
		{8BBDB1AB-C53E-432C-9AD9-D057828F7136}.Release|iPhoneSimulator.ActiveCfg = Release|Any CPU
		{8BBDB1AB-C53E-432C-9AD9-D057828F7136}.Release|iPhoneSimulator.Build.0 = Release|Any CPU
		{8BBDB1AB-C53E-432C-9AD9-D057828F7136}.Release|iPhoneSimulator.Deploy.0 = Release|Any CPU
		{8BBDB1AB-C53E-432C-9AD9-D057828F7136}.Release|x64.ActiveCfg = Release|Any CPU
		{8BBDB1AB-C53E-432C-9AD9-D057828F7136}.Release|x64.Build.0 = Release|Any CPU
		{8BBDB1AB-C53E-432C-9AD9-D057828F7136}.Release|x64.Deploy.0 = Release|Any CPU
		{8BBDB1AB-C53E-432C-9AD9-D057828F7136}.Release|x86.ActiveCfg = Release|Any CPU
		{8BBDB1AB-C53E-432C-9AD9-D057828F7136}.Release|x86.Build.0 = Release|Any CPU
		{8BBDB1AB-C53E-432C-9AD9-D057828F7136}.Release|x86.Deploy.0 = Release|Any CPU
	EndGlobalSection
	GlobalSection(SolutionProperties) = preSolution
		HideSolutionNode = FALSE
	EndGlobalSection
	GlobalSection(ExtensibilityGlobals) = postSolution
		SolutionGuid = {B379D2B0-8FB4-4AF6-A2A1-91534B48D4D8}
	EndGlobalSection
EndGlobal
